
Microsoft Visual Studio Solution File, Format Version 12.00
# Visual Studio Version 17
VisualStudioVersion = 17.1.32421.90
MinimumVisualStudioVersion = 10.0.40219.1
Project("{FAE04EC0-301F-11D3-BF4B-00C04F79EFBC}") = "Lab12", "Lab12.csproj", "{F3D0C356-E20C-4572-B255-D999C641CCF1}"
EndProject
Global
	GlobalSection(SolutionConfigurationPlatforms) = preSolution
		Debug|Any CPU = Debug|Any CPU
		Release|Any CPU = Release|Any CPU
	EndGlobalSection
	GlobalSection(ProjectConfigurationPlatforms) = postSolution
		{F3D0C356-E20C-4572-B255-D999C641CCF1}.Debug|Any CPU.ActiveCfg = Debug|Any CPU
		{F3D0C356-E20C-4572-B255-D999C641CCF1}.Debug|Any CPU.Build.0 = Debug|Any CPU
		{F3D0C356-E20C-4572-B255-D999C641CCF1}.Release|Any CPU.ActiveCfg = Release|Any CPU
		{F3D0C356-E20C-4572-B255-D999C641CCF1}.Release|Any CPU.Build.0 = Release|Any CPU
	EndGlobalSection
	GlobalSection(SolutionProperties) = preSolution
		HideSolutionNode = FALSE
	EndGlobalSection
	GlobalSection(ExtensibilityGlobals) = postSolution
		SolutionGuid = {E30FABD0-8F6E-431E-9A77-B6CD10734A4C}
	EndGlobalSection
EndGlobal
