
Microsoft Visual Studio Solution File, Format Version 12.00
# Visual Studio 15
VisualStudioVersion = 15.0.28307.271
MinimumVisualStudioVersion = 10.0.40219.1
Project("{FAE04EC0-301F-11D3-BF4B-00C04F79EFBC}") = "Ksu.Cis300.Parentheses", "Ksu.Cis300.Parentheses\Ksu.Cis300.Parentheses.csproj", "{F41430AA-3E84-4057-BB2E-DF339899AF5F}"
EndProject
Project("{FAE04EC0-301F-11D3-BF4B-00C04F79EFBC}") = "Ksu.Cis300.Parentheses.Tests", "Ksu.Cis300.Parentheses.Tests\Ksu.Cis300.Parentheses.Tests.csproj", "{8EDF4429-251A-416D-BB68-93F227191BCF}"
EndProject
Global
	GlobalSection(SolutionConfigurationPlatforms) = preSolution
		Debug|Any CPU = Debug|Any CPU
		Release|Any CPU = Release|Any CPU
	EndGlobalSection
	GlobalSection(ProjectConfigurationPlatforms) = postSolution
		{F41430AA-3E84-4057-BB2E-DF339899AF5F}.Debug|Any CPU.ActiveCfg = Debug|Any CPU
		{F41430AA-3E84-4057-BB2E-DF339899AF5F}.Debug|Any CPU.Build.0 = Debug|Any CPU
		{F41430AA-3E84-4057-BB2E-DF339899AF5F}.Release|Any CPU.ActiveCfg = Release|Any CPU
		{F41430AA-3E84-4057-BB2E-DF339899AF5F}.Release|Any CPU.Build.0 = Release|Any CPU
		{8EDF4429-251A-416D-BB68-93F227191BCF}.Debug|Any CPU.ActiveCfg = Debug|Any CPU
		{8EDF4429-251A-416D-BB68-93F227191BCF}.Debug|Any CPU.Build.0 = Debug|Any CPU
		{8EDF4429-251A-416D-BB68-93F227191BCF}.Release|Any CPU.ActiveCfg = Release|Any CPU
		{8EDF4429-251A-416D-BB68-93F227191BCF}.Release|Any CPU.Build.0 = Release|Any CPU
	EndGlobalSection
	GlobalSection(SolutionProperties) = preSolution
		HideSolutionNode = FALSE
	EndGlobalSection
	GlobalSection(ExtensibilityGlobals) = postSolution
		SolutionGuid = {914005E7-868E-4F87-93C5-43B93DE775EF}
	EndGlobalSection
EndGlobal
